
Microsoft Visual Studio Solution File, Format Version 12.00
# Visual Studio Version 17
VisualStudioVersion = 17.11.35327.3
MinimumVisualStudioVersion = 10.0.40219.1
Project("{FAE04EC0-301F-11D3-BF4B-00C04F79EFBC}") = "cs-http", "cs-http\cs-http.csproj", "{BF577D10-3243-455F-898B-15540E19676E}"
EndProject
Global
	GlobalSection(SolutionConfigurationPlatforms) = preSolution
		Debug|Any CPU = Debug|Any CPU
		Release|Any CPU = Release|Any CPU
	EndGlobalSection
	GlobalSection(ProjectConfigurationPlatforms) = postSolution
		{BF577D10-3243-455F-898B-15540E19676E}.Debug|Any CPU.ActiveCfg = Debug|Any CPU
		{BF577D10-3243-455F-898B-15540E19676E}.Debug|Any CPU.Build.0 = Debug|Any CPU
		{BF577D10-3243-455F-898B-15540E19676E}.Release|Any CPU.ActiveCfg = Release|Any CPU
		{BF577D10-3243-455F-898B-15540E19676E}.Release|Any CPU.Build.0 = Release|Any CPU
	EndGlobalSection
	GlobalSection(SolutionProperties) = preSolution
		HideSolutionNode = FALSE
	EndGlobalSection
	GlobalSection(ExtensibilityGlobals) = postSolution
		SolutionGuid = {D323B4DD-4D51-4396-A53F-FB8A0B6A2329}
	EndGlobalSection
EndGlobal
